
Microsoft Visual Studio Solution File, Format Version 12.00
# Visual Studio Version 17
VisualStudioVersion = 17.0.31903.59
MinimumVisualStudioVersion = 10.0.40219.1
Project("{9A19103F-16F7-4668-BE54-9A1E7A4F7556}") = "SportsStore", "SportsStore\SportsStore.csproj", "{6512AD42-1199-457C-A8EF-0F571C58726C}"
EndProject
Project("{9A19103F-16F7-4668-BE54-9A1E7A4F7556}") = "SportsStore.Tests", "SportsStore.Tests\SportsStore.Tests.csproj", "{41A1910B-4B6B-4AD9-90E9-7A5902E4297A}"
EndProject
Project("{FAE04EC0-301F-11D3-BF4B-00C04F79EFBC}") = "SportsStore.Shared", "SportsStore.Shared\SportsStore.Shared.csproj", "{3127F2A8-9EF5-4676-9079-1B371B4192E3}"
EndProject
Project("{FAE04EC0-301F-11D3-BF4B-00C04F79EFBC}") = "SportsStore.OrderApi", "SportsStore.OrderApi\SportsStore.OrderApi.csproj", "{2AB7059D-21EF-45AF-A99C-BBCB915E936E}"
EndProject
Project("{FAE04EC0-301F-11D3-BF4B-00C04F79EFBC}") = "SportsStore.InventoryService", "SportsStore.InventoryService\SportsStore.InventoryService.csproj", "{71D56B1D-D7A2-40B1-8B06-894DD1801744}"
EndProject
Project("{FAE04EC0-301F-11D3-BF4B-00C04F79EFBC}") = "SportsStore.PaymentService", "SportsStore.PaymentService\SportsStore.PaymentService.csproj", "{9DFB771D-70E9-48DA-B8F4-B057AD28C752}"
EndProject
Project("{FAE04EC0-301F-11D3-BF4B-00C04F79EFBC}") = "SportsStore.ShippingService", "SportsStore.ShippingService\SportsStore.ShippingService.csproj", "{FEE55FB9-2AC1-4605-9C45-1837B001AEE7}"
EndProject
Project("{FAE04EC0-301F-11D3-BF4B-00C04F79EFBC}") = "SportsStore.CustomerPortal", "SportsStore.CustomerPortal\SportsStore.CustomerPortal.csproj", "{937E4CFE-EAA2-485E-B152-1B1DF9C9EA9B}"
EndProject
Project("{54A90642-561A-4BB1-A94E-469ADEE60C69}") = "sportsstore.admindashboard.client", "SportsStore.AdminDashboard\sportsstore.admindashboard.client\sportsstore.admindashboard.client.esproj", "{1BD82CD8-6FFD-510A-4D15-41A4060CF123}"
EndProject
Project("{FAE04EC0-301F-11D3-BF4B-00C04F79EFBC}") = "SportsStore.AdminDashboard.Server", "SportsStore.AdminDashboard\SportsStore.AdminDashboard.Server\SportsStore.AdminDashboard.Server.csproj", "{892D2FEB-12E4-4101-A89C-B09C3A4596FB}"
EndProject
Global
	GlobalSection(SolutionConfigurationPlatforms) = preSolution
		Debug|Any CPU = Debug|Any CPU
		Release|Any CPU = Release|Any CPU
	EndGlobalSection
	GlobalSection(ProjectConfigurationPlatforms) = postSolution
		{6512AD42-1199-457C-A8EF-0F571C58726C}.Debug|Any CPU.ActiveCfg = Debug|Any CPU
		{6512AD42-1199-457C-A8EF-0F571C58726C}.Debug|Any CPU.Build.0 = Debug|Any CPU
		{6512AD42-1199-457C-A8EF-0F571C58726C}.Release|Any CPU.ActiveCfg = Release|Any CPU
		{6512AD42-1199-457C-A8EF-0F571C58726C}.Release|Any CPU.Build.0 = Release|Any CPU
		{41A1910B-4B6B-4AD9-90E9-7A5902E4297A}.Debug|Any CPU.ActiveCfg = Debug|Any CPU
		{41A1910B-4B6B-4AD9-90E9-7A5902E4297A}.Debug|Any CPU.Build.0 = Debug|Any CPU
		{41A1910B-4B6B-4AD9-90E9-7A5902E4297A}.Release|Any CPU.ActiveCfg = Release|Any CPU
		{41A1910B-4B6B-4AD9-90E9-7A5902E4297A}.Release|Any CPU.Build.0 = Release|Any CPU
		{3127F2A8-9EF5-4676-9079-1B371B4192E3}.Debug|Any CPU.ActiveCfg = Debug|Any CPU
		{3127F2A8-9EF5-4676-9079-1B371B4192E3}.Debug|Any CPU.Build.0 = Debug|Any CPU
		{3127F2A8-9EF5-4676-9079-1B371B4192E3}.Release|Any CPU.ActiveCfg = Release|Any CPU
		{3127F2A8-9EF5-4676-9079-1B371B4192E3}.Release|Any CPU.Build.0 = Release|Any CPU
		{2AB7059D-21EF-45AF-A99C-BBCB915E936E}.Debug|Any CPU.ActiveCfg = Debug|Any CPU
		{2AB7059D-21EF-45AF-A99C-BBCB915E936E}.Debug|Any CPU.Build.0 = Debug|Any CPU
		{2AB7059D-21EF-45AF-A99C-BBCB915E936E}.Release|Any CPU.ActiveCfg = Release|Any CPU
		{2AB7059D-21EF-45AF-A99C-BBCB915E936E}.Release|Any CPU.Build.0 = Release|Any CPU
		{71D56B1D-D7A2-40B1-8B06-894DD1801744}.Debug|Any CPU.ActiveCfg = Debug|Any CPU
		{71D56B1D-D7A2-40B1-8B06-894DD1801744}.Debug|Any CPU.Build.0 = Debug|Any CPU
		{71D56B1D-D7A2-40B1-8B06-894DD1801744}.Release|Any CPU.ActiveCfg = Release|Any CPU
		{71D56B1D-D7A2-40B1-8B06-894DD1801744}.Release|Any CPU.Build.0 = Release|Any CPU
		{9DFB771D-70E9-48DA-B8F4-B057AD28C752}.Debug|Any CPU.ActiveCfg = Debug|Any CPU
		{9DFB771D-70E9-48DA-B8F4-B057AD28C752}.Debug|Any CPU.Build.0 = Debug|Any CPU
		{9DFB771D-70E9-48DA-B8F4-B057AD28C752}.Release|Any CPU.ActiveCfg = Release|Any CPU
		{9DFB771D-70E9-48DA-B8F4-B057AD28C752}.Release|Any CPU.Build.0 = Release|Any CPU
		{FEE55FB9-2AC1-4605-9C45-1837B001AEE7}.Debug|Any CPU.ActiveCfg = Debug|Any CPU
		{FEE55FB9-2AC1-4605-9C45-1837B001AEE7}.Debug|Any CPU.Build.0 = Debug|Any CPU
		{FEE55FB9-2AC1-4605-9C45-1837B001AEE7}.Release|Any CPU.ActiveCfg = Release|Any CPU
		{FEE55FB9-2AC1-4605-9C45-1837B001AEE7}.Release|Any CPU.Build.0 = Release|Any CPU
		{937E4CFE-EAA2-485E-B152-1B1DF9C9EA9B}.Debug|Any CPU.ActiveCfg = Debug|Any CPU
		{937E4CFE-EAA2-485E-B152-1B1DF9C9EA9B}.Debug|Any CPU.Build.0 = Debug|Any CPU
		{937E4CFE-EAA2-485E-B152-1B1DF9C9EA9B}.Release|Any CPU.ActiveCfg = Release|Any CPU
		{937E4CFE-EAA2-485E-B152-1B1DF9C9EA9B}.Release|Any CPU.Build.0 = Release|Any CPU
		{1BD82CD8-6FFD-510A-4D15-41A4060CF123}.Debug|Any CPU.ActiveCfg = Debug|Any CPU
		{1BD82CD8-6FFD-510A-4D15-41A4060CF123}.Debug|Any CPU.Build.0 = Debug|Any CPU
		{1BD82CD8-6FFD-510A-4D15-41A4060CF123}.Debug|Any CPU.Deploy.0 = Debug|Any CPU
		{1BD82CD8-6FFD-510A-4D15-41A4060CF123}.Release|Any CPU.ActiveCfg = Release|Any CPU
		{1BD82CD8-6FFD-510A-4D15-41A4060CF123}.Release|Any CPU.Build.0 = Release|Any CPU
		{1BD82CD8-6FFD-510A-4D15-41A4060CF123}.Release|Any CPU.Deploy.0 = Release|Any CPU
		{892D2FEB-12E4-4101-A89C-B09C3A4596FB}.Debug|Any CPU.ActiveCfg = Debug|Any CPU
		{892D2FEB-12E4-4101-A89C-B09C3A4596FB}.Debug|Any CPU.Build.0 = Debug|Any CPU
		{892D2FEB-12E4-4101-A89C-B09C3A4596FB}.Release|Any CPU.ActiveCfg = Release|Any CPU
		{892D2FEB-12E4-4101-A89C-B09C3A4596FB}.Release|Any CPU.Build.0 = Release|Any CPU
	EndGlobalSection
	GlobalSection(SolutionProperties) = preSolution
		HideSolutionNode = FALSE
	EndGlobalSection
	GlobalSection(ExtensibilityGlobals) = postSolution
		SolutionGuid = {D43E9001-2FC5-4D3A-930E-8BEA1EDB742D}
	EndGlobalSection
EndGlobal
